
Microsoft Visual Studio Solution File, Format Version 12.00
# Visual Studio Version 16
VisualStudioVersion = 16.6.30114.105
MinimumVisualStudioVersion = 10.0.40219.1
Project("{FAE04EC0-301F-11D3-BF4B-00C04F79EFBC}") = "src", "src\Icecream-CSharp\Icecream-CSharp.csproj", "{CFCA4881-6981-4AF6-9B23-E10074FC9674}"
EndProject
Project("{2150E333-8FDC-42A3-9474-1A3956D46DE8}") = "tests", "tests", "{AD2C9D28-38ED-4BD0-BAC8-6D58E0ECF18A}"
EndProject
Project("{FAE04EC0-301F-11D3-BF4B-00C04F79EFBC}") = "Icecream-CSharp.Tests", "tests\Icecream-CSharp.Tests\Icecream-CSharp.Tests.csproj", "{646C431F-07A4-4CA5-A0D7-AF8B3861F7F2}"
EndProject
Global
	GlobalSection(SolutionConfigurationPlatforms) = preSolution
		Debug|Any CPU = Debug|Any CPU
		Debug|x64 = Debug|x64
		Debug|x86 = Debug|x86
		Release|Any CPU = Release|Any CPU
		Release|x64 = Release|x64
		Release|x86 = Release|x86
	EndGlobalSection
	GlobalSection(SolutionProperties) = preSolution
		HideSolutionNode = FALSE
	EndGlobalSection
	GlobalSection(ProjectConfigurationPlatforms) = postSolution
		{CFCA4881-6981-4AF6-9B23-E10074FC9674}.Debug|Any CPU.ActiveCfg = Debug|Any CPU
		{CFCA4881-6981-4AF6-9B23-E10074FC9674}.Debug|Any CPU.Build.0 = Debug|Any CPU
		{CFCA4881-6981-4AF6-9B23-E10074FC9674}.Debug|x64.ActiveCfg = Debug|Any CPU
		{CFCA4881-6981-4AF6-9B23-E10074FC9674}.Debug|x64.Build.0 = Debug|Any CPU
		{CFCA4881-6981-4AF6-9B23-E10074FC9674}.Debug|x86.ActiveCfg = Debug|Any CPU
		{CFCA4881-6981-4AF6-9B23-E10074FC9674}.Debug|x86.Build.0 = Debug|Any CPU
		{CFCA4881-6981-4AF6-9B23-E10074FC9674}.Release|Any CPU.ActiveCfg = Release|Any CPU
		{CFCA4881-6981-4AF6-9B23-E10074FC9674}.Release|Any CPU.Build.0 = Release|Any CPU
		{CFCA4881-6981-4AF6-9B23-E10074FC9674}.Release|x64.ActiveCfg = Release|Any CPU
		{CFCA4881-6981-4AF6-9B23-E10074FC9674}.Release|x64.Build.0 = Release|Any CPU
		{CFCA4881-6981-4AF6-9B23-E10074FC9674}.Release|x86.ActiveCfg = Release|Any CPU
		{CFCA4881-6981-4AF6-9B23-E10074FC9674}.Release|x86.Build.0 = Release|Any CPU
		{BEBB8B43-42AC-4537-960E-06C5C01325DF}.Debug|Any CPU.ActiveCfg = Debug|Any CPU
		{BEBB8B43-42AC-4537-960E-06C5C01325DF}.Debug|Any CPU.Build.0 = Debug|Any CPU
		{BEBB8B43-42AC-4537-960E-06C5C01325DF}.Debug|x64.ActiveCfg = Debug|Any CPU
		{BEBB8B43-42AC-4537-960E-06C5C01325DF}.Debug|x64.Build.0 = Debug|Any CPU
		{BEBB8B43-42AC-4537-960E-06C5C01325DF}.Debug|x86.ActiveCfg = Debug|Any CPU
		{BEBB8B43-42AC-4537-960E-06C5C01325DF}.Debug|x86.Build.0 = Debug|Any CPU
		{BEBB8B43-42AC-4537-960E-06C5C01325DF}.Release|Any CPU.ActiveCfg = Release|Any CPU
		{BEBB8B43-42AC-4537-960E-06C5C01325DF}.Release|Any CPU.Build.0 = Release|Any CPU
		{BEBB8B43-42AC-4537-960E-06C5C01325DF}.Release|x64.ActiveCfg = Release|Any CPU
		{BEBB8B43-42AC-4537-960E-06C5C01325DF}.Release|x64.Build.0 = Release|Any CPU
		{BEBB8B43-42AC-4537-960E-06C5C01325DF}.Release|x86.ActiveCfg = Release|Any CPU
		{BEBB8B43-42AC-4537-960E-06C5C01325DF}.Release|x86.Build.0 = Release|Any CPU
		{646C431F-07A4-4CA5-A0D7-AF8B3861F7F2}.Debug|Any CPU.ActiveCfg = Debug|Any CPU
		{646C431F-07A4-4CA5-A0D7-AF8B3861F7F2}.Debug|Any CPU.Build.0 = Debug|Any CPU
		{646C431F-07A4-4CA5-A0D7-AF8B3861F7F2}.Debug|x64.ActiveCfg = Debug|Any CPU
		{646C431F-07A4-4CA5-A0D7-AF8B3861F7F2}.Debug|x64.Build.0 = Debug|Any CPU
		{646C431F-07A4-4CA5-A0D7-AF8B3861F7F2}.Debug|x86.ActiveCfg = Debug|Any CPU
		{646C431F-07A4-4CA5-A0D7-AF8B3861F7F2}.Debug|x86.Build.0 = Debug|Any CPU
		{646C431F-07A4-4CA5-A0D7-AF8B3861F7F2}.Release|Any CPU.ActiveCfg = Release|Any CPU
		{646C431F-07A4-4CA5-A0D7-AF8B3861F7F2}.Release|Any CPU.Build.0 = Release|Any CPU
		{646C431F-07A4-4CA5-A0D7-AF8B3861F7F2}.Release|x64.ActiveCfg = Release|Any CPU
		{646C431F-07A4-4CA5-A0D7-AF8B3861F7F2}.Release|x64.Build.0 = Release|Any CPU
		{646C431F-07A4-4CA5-A0D7-AF8B3861F7F2}.Release|x86.ActiveCfg = Release|Any CPU
		{646C431F-07A4-4CA5-A0D7-AF8B3861F7F2}.Release|x86.Build.0 = Release|Any CPU
	EndGlobalSection
	GlobalSection(NestedProjects) = preSolution
		{646C431F-07A4-4CA5-A0D7-AF8B3861F7F2} = {AD2C9D28-38ED-4BD0-BAC8-6D58E0ECF18A}
	EndGlobalSection
EndGlobal
